
Microsoft Visual Studio Solution File, Format Version 12.00
# Visual Studio 14
VisualStudioVersion = 14.0.25123.0
MinimumVisualStudioVersion = 10.0.40219.1
Project("{FAE04EC0-301F-11D3-BF4B-00C04F79EFBC}") = "Abstractor.Cqrs", "Abstractor.Cqrs\Abstractor.Cqrs.csproj", "{5E7621D3-037F-4D21-A628-CCABB6A0AAF8}"
EndProject
Project("{FAE04EC0-301F-11D3-BF4B-00C04F79EFBC}") = "Abstractor.Cqrs.SimpleInjector", "Abstractor.Cqrs.SimpleInjector\Abstractor.Cqrs.SimpleInjector.csproj", "{B2DE5824-5A4D-4370-9471-B5AC6310F026}"
EndProject
Project("{FAE04EC0-301F-11D3-BF4B-00C04F79EFBC}") = "Abstractor.Cqrs.AzureStorage", "Abstractor.Cqrs.AzureStorage\Abstractor.Cqrs.AzureStorage.csproj", "{14D99482-1F46-4C48-ADBB-F2836198C73B}"
EndProject
Project("{FAE04EC0-301F-11D3-BF4B-00C04F79EFBC}") = "Abstractor.Cqrs.EntityFramework", "Abstractor.Cqrs.EntityFramework\Abstractor.Cqrs.EntityFramework.csproj", "{4778C8F9-872D-4DEF-A62D-21F260F66274}"
EndProject
Project("{FAE04EC0-301F-11D3-BF4B-00C04F79EFBC}") = "Abstractor.Cqrs.Test", "Abstractor.Cqrs.Test\Abstractor.Cqrs.Test.csproj", "{218CFFA3-3373-4A73-81ED-69BD96D331E6}"
EndProject
Global
	GlobalSection(SolutionConfigurationPlatforms) = preSolution
		Debug|Any CPU = Debug|Any CPU
		Release|Any CPU = Release|Any CPU
	EndGlobalSection
	GlobalSection(ProjectConfigurationPlatforms) = postSolution
		{5E7621D3-037F-4D21-A628-CCABB6A0AAF8}.Debug|Any CPU.ActiveCfg = Release|Any CPU
		{5E7621D3-037F-4D21-A628-CCABB6A0AAF8}.Debug|Any CPU.Build.0 = Release|Any CPU
		{5E7621D3-037F-4D21-A628-CCABB6A0AAF8}.Release|Any CPU.ActiveCfg = Release|Any CPU
		{5E7621D3-037F-4D21-A628-CCABB6A0AAF8}.Release|Any CPU.Build.0 = Release|Any CPU
		{B2DE5824-5A4D-4370-9471-B5AC6310F026}.Debug|Any CPU.ActiveCfg = Release|Any CPU
		{B2DE5824-5A4D-4370-9471-B5AC6310F026}.Debug|Any CPU.Build.0 = Release|Any CPU
		{B2DE5824-5A4D-4370-9471-B5AC6310F026}.Release|Any CPU.ActiveCfg = Release|Any CPU
		{B2DE5824-5A4D-4370-9471-B5AC6310F026}.Release|Any CPU.Build.0 = Release|Any CPU
		{14D99482-1F46-4C48-ADBB-F2836198C73B}.Debug|Any CPU.ActiveCfg = Debug|Any CPU
		{14D99482-1F46-4C48-ADBB-F2836198C73B}.Debug|Any CPU.Build.0 = Debug|Any CPU
		{14D99482-1F46-4C48-ADBB-F2836198C73B}.Release|Any CPU.ActiveCfg = Release|Any CPU
		{14D99482-1F46-4C48-ADBB-F2836198C73B}.Release|Any CPU.Build.0 = Release|Any CPU
		{4778C8F9-872D-4DEF-A62D-21F260F66274}.Debug|Any CPU.ActiveCfg = Debug|Any CPU
		{4778C8F9-872D-4DEF-A62D-21F260F66274}.Debug|Any CPU.Build.0 = Debug|Any CPU
		{4778C8F9-872D-4DEF-A62D-21F260F66274}.Release|Any CPU.ActiveCfg = Release|Any CPU
		{4778C8F9-872D-4DEF-A62D-21F260F66274}.Release|Any CPU.Build.0 = Release|Any CPU
		{218CFFA3-3373-4A73-81ED-69BD96D331E6}.Debug|Any CPU.ActiveCfg = Debug|Any CPU
		{218CFFA3-3373-4A73-81ED-69BD96D331E6}.Debug|Any CPU.Build.0 = Debug|Any CPU
		{218CFFA3-3373-4A73-81ED-69BD96D331E6}.Release|Any CPU.ActiveCfg = Release|Any CPU
		{218CFFA3-3373-4A73-81ED-69BD96D331E6}.Release|Any CPU.Build.0 = Release|Any CPU
	EndGlobalSection
	GlobalSection(SolutionProperties) = preSolution
		HideSolutionNode = FALSE
	EndGlobalSection
EndGlobal
