
Microsoft Visual Studio Solution File, Format Version 12.00
# Visual Studio 14
VisualStudioVersion = 14.0.25420.1
MinimumVisualStudioVersion = 10.0.40219.1
Project("{FAE04EC0-301F-11D3-BF4B-00C04F79EFBC}") = "Abstractor.Cqrs", "Abstractor.Cqrs\Abstractor.Cqrs.csproj", "{5E7621D3-037F-4D21-A628-CCABB6A0AAF8}"
EndProject
Project("{FAE04EC0-301F-11D3-BF4B-00C04F79EFBC}") = "Abstractor.Cqrs.SimpleInjector", "Abstractor.Cqrs.SimpleInjector\Abstractor.Cqrs.SimpleInjector.csproj", "{B2DE5824-5A4D-4370-9471-B5AC6310F026}"
EndProject
Project("{FAE04EC0-301F-11D3-BF4B-00C04F79EFBC}") = "Abstractor.Cqrs.AzureStorage", "Abstractor.Cqrs.AzureStorage\Abstractor.Cqrs.AzureStorage.csproj", "{14D99482-1F46-4C48-ADBB-F2836198C73B}"
EndProject
Project("{FAE04EC0-301F-11D3-BF4B-00C04F79EFBC}") = "Abstractor.Cqrs.EntityFramework", "Abstractor.Cqrs.EntityFramework\Abstractor.Cqrs.EntityFramework.csproj", "{4778C8F9-872D-4DEF-A62D-21F260F66274}"
EndProject
Project("{FAE04EC0-301F-11D3-BF4B-00C04F79EFBC}") = "Abstractor.Cqrs.Test", "Abstractor.Cqrs.Test\Abstractor.Cqrs.Test.csproj", "{218CFFA3-3373-4A73-81ED-69BD96D331E6}"
EndProject
Project("{FAE04EC0-301F-11D3-BF4B-00C04F79EFBC}") = "Abstractor.Cqrs.UnitOfWork", "Abstractor.Cqrs.UnitOfWork\Abstractor.Cqrs.UnitOfWork.csproj", "{CE4CFC78-3D0C-46D7-96BF-4308EC60E125}"
EndProject
Project("{2150E333-8FDC-42A3-9474-1A3956D46DE8}") = "Tests", "Tests", "{708A5531-3578-45D3-893E-5EC97DEC4BA5}"
EndProject
Project("{2150E333-8FDC-42A3-9474-1A3956D46DE8}") = "Sources", "Sources", "{E9819DE8-DE01-4061-84F7-921CABE478D0}"
EndProject
Project("{FAE04EC0-301F-11D3-BF4B-00C04F79EFBC}") = "Abstractor.Test", "Abstractor.Test\Abstractor.Test.csproj", "{9336F8CE-C046-4419-A8DA-75E915A6FBDA}"
EndProject
Project("{FAE04EC0-301F-11D3-BF4B-00C04F79EFBC}") = "Abstractor.Cqrs.UnitOfWork.Test", "Abstractor.Cqrs.UnitOfWork.Test\Abstractor.Cqrs.UnitOfWork.Test.csproj", "{6D74DD59-B219-48E1-B658-24431DE944E4}"
EndProject
Project("{FAE04EC0-301F-11D3-BF4B-00C04F79EFBC}") = "Abstractor.Owin.WebApi", "Abstractor.Owin.WebApi\Abstractor.Owin.WebApi.csproj", "{5B88B0B5-3BEA-4AFF-B58F-0912753293E5}"
EndProject
Project("{FAE04EC0-301F-11D3-BF4B-00C04F79EFBC}") = "Abstractor.Owin.WebApi.SimpleInjector", "Abstractor.Owin.WebApi.SimpleInjector\Abstractor.Owin.WebApi.SimpleInjector.csproj", "{6F1E387B-CEE1-4B25-9EB8-4567D57F94B9}"
EndProject
Global
	GlobalSection(SolutionConfigurationPlatforms) = preSolution
		Debug|Any CPU = Debug|Any CPU
		Release|Any CPU = Release|Any CPU
	EndGlobalSection
	GlobalSection(ProjectConfigurationPlatforms) = postSolution
		{5E7621D3-037F-4D21-A628-CCABB6A0AAF8}.Debug|Any CPU.ActiveCfg = Debug|Any CPU
		{5E7621D3-037F-4D21-A628-CCABB6A0AAF8}.Debug|Any CPU.Build.0 = Debug|Any CPU
		{5E7621D3-037F-4D21-A628-CCABB6A0AAF8}.Release|Any CPU.ActiveCfg = Release|Any CPU
		{5E7621D3-037F-4D21-A628-CCABB6A0AAF8}.Release|Any CPU.Build.0 = Release|Any CPU
		{B2DE5824-5A4D-4370-9471-B5AC6310F026}.Debug|Any CPU.ActiveCfg = Debug|Any CPU
		{B2DE5824-5A4D-4370-9471-B5AC6310F026}.Debug|Any CPU.Build.0 = Debug|Any CPU
		{B2DE5824-5A4D-4370-9471-B5AC6310F026}.Release|Any CPU.ActiveCfg = Release|Any CPU
		{B2DE5824-5A4D-4370-9471-B5AC6310F026}.Release|Any CPU.Build.0 = Release|Any CPU
		{14D99482-1F46-4C48-ADBB-F2836198C73B}.Debug|Any CPU.ActiveCfg = Debug|Any CPU
		{14D99482-1F46-4C48-ADBB-F2836198C73B}.Debug|Any CPU.Build.0 = Debug|Any CPU
		{14D99482-1F46-4C48-ADBB-F2836198C73B}.Release|Any CPU.ActiveCfg = Release|Any CPU
		{14D99482-1F46-4C48-ADBB-F2836198C73B}.Release|Any CPU.Build.0 = Release|Any CPU
		{4778C8F9-872D-4DEF-A62D-21F260F66274}.Debug|Any CPU.ActiveCfg = Debug|Any CPU
		{4778C8F9-872D-4DEF-A62D-21F260F66274}.Debug|Any CPU.Build.0 = Debug|Any CPU
		{4778C8F9-872D-4DEF-A62D-21F260F66274}.Release|Any CPU.ActiveCfg = Release|Any CPU
		{4778C8F9-872D-4DEF-A62D-21F260F66274}.Release|Any CPU.Build.0 = Release|Any CPU
		{218CFFA3-3373-4A73-81ED-69BD96D331E6}.Debug|Any CPU.ActiveCfg = Debug|Any CPU
		{218CFFA3-3373-4A73-81ED-69BD96D331E6}.Debug|Any CPU.Build.0 = Debug|Any CPU
		{218CFFA3-3373-4A73-81ED-69BD96D331E6}.Release|Any CPU.ActiveCfg = Release|Any CPU
		{218CFFA3-3373-4A73-81ED-69BD96D331E6}.Release|Any CPU.Build.0 = Release|Any CPU
		{CE4CFC78-3D0C-46D7-96BF-4308EC60E125}.Debug|Any CPU.ActiveCfg = Debug|Any CPU
		{CE4CFC78-3D0C-46D7-96BF-4308EC60E125}.Debug|Any CPU.Build.0 = Debug|Any CPU
		{CE4CFC78-3D0C-46D7-96BF-4308EC60E125}.Release|Any CPU.ActiveCfg = Release|Any CPU
		{CE4CFC78-3D0C-46D7-96BF-4308EC60E125}.Release|Any CPU.Build.0 = Release|Any CPU
		{9336F8CE-C046-4419-A8DA-75E915A6FBDA}.Debug|Any CPU.ActiveCfg = Debug|Any CPU
		{9336F8CE-C046-4419-A8DA-75E915A6FBDA}.Debug|Any CPU.Build.0 = Debug|Any CPU
		{9336F8CE-C046-4419-A8DA-75E915A6FBDA}.Release|Any CPU.ActiveCfg = Release|Any CPU
		{9336F8CE-C046-4419-A8DA-75E915A6FBDA}.Release|Any CPU.Build.0 = Release|Any CPU
		{6D74DD59-B219-48E1-B658-24431DE944E4}.Debug|Any CPU.ActiveCfg = Debug|Any CPU
		{6D74DD59-B219-48E1-B658-24431DE944E4}.Debug|Any CPU.Build.0 = Debug|Any CPU
		{6D74DD59-B219-48E1-B658-24431DE944E4}.Release|Any CPU.ActiveCfg = Release|Any CPU
		{6D74DD59-B219-48E1-B658-24431DE944E4}.Release|Any CPU.Build.0 = Release|Any CPU
		{5B88B0B5-3BEA-4AFF-B58F-0912753293E5}.Debug|Any CPU.ActiveCfg = Debug|Any CPU
		{5B88B0B5-3BEA-4AFF-B58F-0912753293E5}.Debug|Any CPU.Build.0 = Debug|Any CPU
		{5B88B0B5-3BEA-4AFF-B58F-0912753293E5}.Release|Any CPU.ActiveCfg = Release|Any CPU
		{5B88B0B5-3BEA-4AFF-B58F-0912753293E5}.Release|Any CPU.Build.0 = Release|Any CPU
		{6F1E387B-CEE1-4B25-9EB8-4567D57F94B9}.Debug|Any CPU.ActiveCfg = Debug|Any CPU
		{6F1E387B-CEE1-4B25-9EB8-4567D57F94B9}.Debug|Any CPU.Build.0 = Debug|Any CPU
		{6F1E387B-CEE1-4B25-9EB8-4567D57F94B9}.Release|Any CPU.ActiveCfg = Release|Any CPU
		{6F1E387B-CEE1-4B25-9EB8-4567D57F94B9}.Release|Any CPU.Build.0 = Release|Any CPU
	EndGlobalSection
	GlobalSection(SolutionProperties) = preSolution
		HideSolutionNode = FALSE
	EndGlobalSection
	GlobalSection(NestedProjects) = preSolution
		{5E7621D3-037F-4D21-A628-CCABB6A0AAF8} = {E9819DE8-DE01-4061-84F7-921CABE478D0}
		{B2DE5824-5A4D-4370-9471-B5AC6310F026} = {E9819DE8-DE01-4061-84F7-921CABE478D0}
		{14D99482-1F46-4C48-ADBB-F2836198C73B} = {E9819DE8-DE01-4061-84F7-921CABE478D0}
		{4778C8F9-872D-4DEF-A62D-21F260F66274} = {E9819DE8-DE01-4061-84F7-921CABE478D0}
		{218CFFA3-3373-4A73-81ED-69BD96D331E6} = {708A5531-3578-45D3-893E-5EC97DEC4BA5}
		{CE4CFC78-3D0C-46D7-96BF-4308EC60E125} = {E9819DE8-DE01-4061-84F7-921CABE478D0}
		{9336F8CE-C046-4419-A8DA-75E915A6FBDA} = {708A5531-3578-45D3-893E-5EC97DEC4BA5}
		{6D74DD59-B219-48E1-B658-24431DE944E4} = {708A5531-3578-45D3-893E-5EC97DEC4BA5}
		{5B88B0B5-3BEA-4AFF-B58F-0912753293E5} = {E9819DE8-DE01-4061-84F7-921CABE478D0}
		{6F1E387B-CEE1-4B25-9EB8-4567D57F94B9} = {E9819DE8-DE01-4061-84F7-921CABE478D0}
	EndGlobalSection
EndGlobal
