
Microsoft Visual Studio Solution File, Format Version 12.00
# Visual Studio 14
VisualStudioVersion = 14.0.23107.0
MinimumVisualStudioVersion = 10.0.40219.1
Project("{FAE04EC0-301F-11D3-BF4B-00C04F79EFBC}") = "Abstractor.Cqrs", "Abstractor.Cqrs\Abstractor.Cqrs.csproj", "{5E7621D3-037F-4D21-A628-CCABB6A0AAF8}"
EndProject
Project("{FAE04EC0-301F-11D3-BF4B-00C04F79EFBC}") = "Abstractor.Cqrs.SimpleInjector", "Abstractor.Cqrs.SimpleInjector\Abstractor.Cqrs.SimpleInjector.csproj", "{B2DE5824-5A4D-4370-9471-B5AC6310F026}"
EndProject
Project("{FAE04EC0-301F-11D3-BF4B-00C04F79EFBC}") = "Abstractor.Cqrs.SimpleInjector.EntityFramework", "Abstractor.Cqrs.SimpleInjector.EntityFramework\Abstractor.Cqrs.SimpleInjector.EntityFramework.csproj", "{AEFE28E8-635D-471C-8B4A-0A44A88236F9}"
EndProject
Global
	GlobalSection(SolutionConfigurationPlatforms) = preSolution
		Debug|Any CPU = Debug|Any CPU
		Release|Any CPU = Release|Any CPU
	EndGlobalSection
	GlobalSection(ProjectConfigurationPlatforms) = postSolution
		{5E7621D3-037F-4D21-A628-CCABB6A0AAF8}.Debug|Any CPU.ActiveCfg = Release|Any CPU
		{5E7621D3-037F-4D21-A628-CCABB6A0AAF8}.Debug|Any CPU.Build.0 = Release|Any CPU
		{5E7621D3-037F-4D21-A628-CCABB6A0AAF8}.Release|Any CPU.ActiveCfg = Release|Any CPU
		{5E7621D3-037F-4D21-A628-CCABB6A0AAF8}.Release|Any CPU.Build.0 = Release|Any CPU
		{B2DE5824-5A4D-4370-9471-B5AC6310F026}.Debug|Any CPU.ActiveCfg = Release|Any CPU
		{B2DE5824-5A4D-4370-9471-B5AC6310F026}.Debug|Any CPU.Build.0 = Release|Any CPU
		{B2DE5824-5A4D-4370-9471-B5AC6310F026}.Release|Any CPU.ActiveCfg = Release|Any CPU
		{B2DE5824-5A4D-4370-9471-B5AC6310F026}.Release|Any CPU.Build.0 = Release|Any CPU
		{AEFE28E8-635D-471C-8B4A-0A44A88236F9}.Debug|Any CPU.ActiveCfg = Release|Any CPU
		{AEFE28E8-635D-471C-8B4A-0A44A88236F9}.Debug|Any CPU.Build.0 = Release|Any CPU
		{AEFE28E8-635D-471C-8B4A-0A44A88236F9}.Release|Any CPU.ActiveCfg = Release|Any CPU
		{AEFE28E8-635D-471C-8B4A-0A44A88236F9}.Release|Any CPU.Build.0 = Release|Any CPU
	EndGlobalSection
	GlobalSection(SolutionProperties) = preSolution
		HideSolutionNode = FALSE
	EndGlobalSection
EndGlobal
